---
schema: '2.0'
stages:
  download_sqlite:
    cmd: Rscript stages/1_build.R
    deps:
    - md5: 5cc06d32fa75420849b207a648072994
      path: staging/checksums.txt
      size: 790
    outs:
    - md5: a782c8a6650e9022c754f793f1b1a464.dir
      nfiles: 81
      path: brick/
      size: 2601302054
  invalidate:
    cmd: Rscript stages/0_invalidate.R
    outs:
    - md5: 5cc06d32fa75420849b207a648072994
      path: staging/checksums.txt
      size: 790
