schema: '2.0'
stages:
  download_sqlite:
    cmd: python stages/1_build.py
    deps:
    - path: stages/1_build.py
      hash: md5
      md5: 7000b44cab1b89ec43f4962d4d382152
      size: 854
    - path: staging/checksums.txt
      hash: md5
      md5: 1d651ca3e03f9ee8ebc81abb72f42601
      size: 790
    outs:
    - path: brick/chembl_34.db
      hash: md5
      md5: 035fb60584ab4c9c2a1a997fc55ce830
      size: 25373446144
  invalidate:
    cmd: Rscript stages/0_invalidate.R
    outs:
    - path: staging/checksums.txt
      hash: md5
      md5: 1d651ca3e03f9ee8ebc81abb72f42601
      size: 790
